
Microsoft Visual Studio Solution File, Format Version 12.00
# Visual Studio Version 16
VisualStudioVersion = 16.0.30413.136
MinimumVisualStudioVersion = 10.0.40219.1
Project("{FAE04EC0-301F-11D3-BF4B-00C04F79EFBC}") = "HelloWorld", "HelloWorld\HelloWorld.csproj", "{5C91E8B1-D9F1-4CF9-9F72-5EB2357D5040}"
EndProject
Global
	GlobalSection(SolutionConfigurationPlatforms) = preSolution
		Debug|Any CPU = Debug|Any CPU
		Release|Any CPU = Release|Any CPU
	EndGlobalSection
	GlobalSection(ProjectConfigurationPlatforms) = postSolution
		{5C91E8B1-D9F1-4CF9-9F72-5EB2357D5040}.Debug|Any CPU.ActiveCfg = Debug|Any CPU
		{5C91E8B1-D9F1-4CF9-9F72-5EB2357D5040}.Debug|Any CPU.Build.0 = Debug|Any CPU
		{5C91E8B1-D9F1-4CF9-9F72-5EB2357D5040}.Release|Any CPU.ActiveCfg = Release|Any CPU
		{5C91E8B1-D9F1-4CF9-9F72-5EB2357D5040}.Release|Any CPU.Build.0 = Release|Any CPU
	EndGlobalSection
	GlobalSection(SolutionProperties) = preSolution
		HideSolutionNode = FALSE
	EndGlobalSection
	GlobalSection(ExtensibilityGlobals) = postSolution
		SolutionGuid = {5DCF4A4F-FF57-466B-99EB-C91B02034D8B}
	EndGlobalSection
EndGlobal
